
Microsoft Visual Studio Solution File, Format Version 12.00
# Visual Studio 2017
Project("{FAE04EC0-301F-11D3-BF4B-00C04F79EFBC}") = "Mobile Hockey", "Mobile Hockey.csproj", "{13DD293E-1B86-7C98-BF72-EC37903EB253}"
EndProject
Global
	GlobalSection(SolutionConfigurationPlatforms) = preSolution
		Debug|Any CPU = Debug|Any CPU
		Release|Any CPU = Release|Any CPU
	EndGlobalSection
	GlobalSection(ProjectConfigurationPlatforms) = postSolution
		{13DD293E-1B86-7C98-BF72-EC37903EB253}.Debug|Any CPU.ActiveCfg = Debug|Any CPU
		{13DD293E-1B86-7C98-BF72-EC37903EB253}.Debug|Any CPU.Build.0 = Debug|Any CPU
		{13DD293E-1B86-7C98-BF72-EC37903EB253}.Release|Any CPU.ActiveCfg = Release|Any CPU
		{13DD293E-1B86-7C98-BF72-EC37903EB253}.Release|Any CPU.Build.0 = Release|Any CPU
	EndGlobalSection
	GlobalSection(SolutionProperties) = preSolution
		HideSolutionNode = FALSE
	EndGlobalSection
EndGlobal
